
Microsoft Visual Studio Solution File, Format Version 12.00
# Visual Studio Version 17
VisualStudioVersion = 17.14.36717.8
MinimumVisualStudioVersion = 10.0.40219.1
Project("{8BC9CEB8-8B4A-11D0-8D11-00A0C91BC942}") = "00-01", "00-01\00-01.vcxproj", "{35792BF7-82C4-47F0-96ED-C186DE864C9B}"
EndProject
Project("{2150E333-8FDC-42A3-9474-1A3956D46DE8}") = "ソリューション項目", "ソリューション項目", "{2022CB0F-8BAF-F49E-0C48-8EF4C96EC109}"
	ProjectSection(SolutionItems) = preProject
		.editorconfig = .editorconfig
	EndProjectSection
EndProject
Project("{8BC9CEB8-8B4A-11D0-8D11-00A0C91BC942}") = "01-01", "01-01\01-01.vcxproj", "{50D7AA0D-19A5-4EBC-B79C-08F86967B906}"
EndProject
Project("{8BC9CEB8-8B4A-11D0-8D11-00A0C91BC942}") = "01-02", "01-02\01-02.vcxproj", "{6BFF8E03-462B-4A62-900F-6AFDE934549C}"
EndProject
Project("{8BC9CEB8-8B4A-11D0-8D11-00A0C91BC942}") = "02-01", "02-01\02-01.vcxproj", "{FA91C24A-260D-45CA-8079-511D855C6CA5}"
EndProject
Project("{8BC9CEB8-8B4A-11D0-8D11-00A0C91BC942}") = "02-02", "02-02\02-02.vcxproj", "{DF7E2A52-C84C-4B73-B1A8-0DAAFCD9BA74}"
EndProject
Project("{8BC9CEB8-8B4A-11D0-8D11-00A0C91BC942}") = "02-03", "02-03\02-03.vcxproj", "{68E49E5D-C2E7-471B-9749-01ABFA1E10EF}"
EndProject
Project("{8BC9CEB8-8B4A-11D0-8D11-00A0C91BC942}") = "02-04", "02-04\02-04.vcxproj", "{9D9E76C5-C2A0-4725-BD27-C2EA66613109}"
EndProject
Project("{8BC9CEB8-8B4A-11D0-8D11-00A0C91BC942}") = "03-02", "03-02\03-02.vcxproj", "{9BC7A08A-9B58-45D2-8DD8-0A37B1C38B68}"
EndProject
Project("{8BC9CEB8-8B4A-11D0-8D11-00A0C91BC942}") = "03-03", "03-03\03-03.vcxproj", "{CA32E860-77A2-4E6A-B6A8-597ACB8DC9F9}"
EndProject
Project("{8BC9CEB8-8B4A-11D0-8D11-00A0C91BC942}") = "03-04", "03-04\03-04.vcxproj", "{E36D6FE0-A9FB-4DE4-A3F7-A9C7359EBC1D}"
EndProject
Project("{8BC9CEB8-8B4A-11D0-8D11-00A0C91BC942}") = "04-01", "04-01\04-01.vcxproj", "{478BD4DE-FD29-4FF9-A60C-6FC00487FCCC}"
EndProject
Project("{8BC9CEB8-8B4A-11D0-8D11-00A0C91BC942}") = "05-01", "05-01\05-01.vcxproj", "{6A79F7CB-C538-4A71-AB33-9C74247E0845}"
EndProject
Project("{8BC9CEB8-8B4A-11D0-8D11-00A0C91BC942}") = "05-02", "05-02\05-02.vcxproj", "{97D373A0-A4F3-4B94-BD2A-5E9A6FF7D14C}"
EndProject
Project("{8BC9CEB8-8B4A-11D0-8D11-00A0C91BC942}") = "06-01", "06-01\06-01.vcxproj", "{1DB50D2E-427D-4433-B19F-CA8DDED9026D}"
EndProject
Project("{8BC9CEB8-8B4A-11D0-8D11-00A0C91BC942}") = "03-01", "03-01\03-01.vcxproj", "{99C957B1-2175-4DC2-862F-D77E2F288F46}"
EndProject
Project("{8BC9CEB8-8B4A-11D0-8D11-00A0C91BC942}") = "06-02", "06-02\06-02.vcxproj", "{D2B507E4-8515-4276-B50C-FDADF52D6B4E}"
EndProject
Global
	GlobalSection(SolutionConfigurationPlatforms) = preSolution
		Debug|x64 = Debug|x64
		Debug|x86 = Debug|x86
		Release|x64 = Release|x64
		Release|x86 = Release|x86
	EndGlobalSection
	GlobalSection(ProjectConfigurationPlatforms) = postSolution
		{35792BF7-82C4-47F0-96ED-C186DE864C9B}.Debug|x64.ActiveCfg = Debug|x64
		{35792BF7-82C4-47F0-96ED-C186DE864C9B}.Debug|x64.Build.0 = Debug|x64
		{35792BF7-82C4-47F0-96ED-C186DE864C9B}.Debug|x86.ActiveCfg = Debug|Win32
		{35792BF7-82C4-47F0-96ED-C186DE864C9B}.Debug|x86.Build.0 = Debug|Win32
		{35792BF7-82C4-47F0-96ED-C186DE864C9B}.Release|x64.ActiveCfg = Release|x64
		{35792BF7-82C4-47F0-96ED-C186DE864C9B}.Release|x64.Build.0 = Release|x64
		{35792BF7-82C4-47F0-96ED-C186DE864C9B}.Release|x86.ActiveCfg = Release|Win32
		{35792BF7-82C4-47F0-96ED-C186DE864C9B}.Release|x86.Build.0 = Release|Win32
		{50D7AA0D-19A5-4EBC-B79C-08F86967B906}.Debug|x64.ActiveCfg = Debug|x64
		{50D7AA0D-19A5-4EBC-B79C-08F86967B906}.Debug|x64.Build.0 = Debug|x64
		{50D7AA0D-19A5-4EBC-B79C-08F86967B906}.Debug|x86.ActiveCfg = Debug|Win32
		{50D7AA0D-19A5-4EBC-B79C-08F86967B906}.Debug|x86.Build.0 = Debug|Win32
		{50D7AA0D-19A5-4EBC-B79C-08F86967B906}.Release|x64.ActiveCfg = Release|x64
		{50D7AA0D-19A5-4EBC-B79C-08F86967B906}.Release|x64.Build.0 = Release|x64
		{50D7AA0D-19A5-4EBC-B79C-08F86967B906}.Release|x86.ActiveCfg = Release|Win32
		{50D7AA0D-19A5-4EBC-B79C-08F86967B906}.Release|x86.Build.0 = Release|Win32
		{6BFF8E03-462B-4A62-900F-6AFDE934549C}.Debug|x64.ActiveCfg = Debug|x64
		{6BFF8E03-462B-4A62-900F-6AFDE934549C}.Debug|x64.Build.0 = Debug|x64
		{6BFF8E03-462B-4A62-900F-6AFDE934549C}.Debug|x86.ActiveCfg = Debug|Win32
		{6BFF8E03-462B-4A62-900F-6AFDE934549C}.Debug|x86.Build.0 = Debug|Win32
		{6BFF8E03-462B-4A62-900F-6AFDE934549C}.Release|x64.ActiveCfg = Release|x64
		{6BFF8E03-462B-4A62-900F-6AFDE934549C}.Release|x64.Build.0 = Release|x64
		{6BFF8E03-462B-4A62-900F-6AFDE934549C}.Release|x86.ActiveCfg = Release|Win32
		{6BFF8E03-462B-4A62-900F-6AFDE934549C}.Release|x86.Build.0 = Release|Win32
		{FA91C24A-260D-45CA-8079-511D855C6CA5}.Debug|x64.ActiveCfg = Debug|x64
		{FA91C24A-260D-45CA-8079-511D855C6CA5}.Debug|x64.Build.0 = Debug|x64
		{FA91C24A-260D-45CA-8079-511D855C6CA5}.Debug|x86.ActiveCfg = Debug|Win32
		{FA91C24A-260D-45CA-8079-511D855C6CA5}.Debug|x86.Build.0 = Debug|Win32
		{FA91C24A-260D-45CA-8079-511D855C6CA5}.Release|x64.ActiveCfg = Release|x64
		{FA91C24A-260D-45CA-8079-511D855C6CA5}.Release|x64.Build.0 = Release|x64
		{FA91C24A-260D-45CA-8079-511D855C6CA5}.Release|x86.ActiveCfg = Release|Win32
		{FA91C24A-260D-45CA-8079-511D855C6CA5}.Release|x86.Build.0 = Release|Win32
		{DF7E2A52-C84C-4B73-B1A8-0DAAFCD9BA74}.Debug|x64.ActiveCfg = Debug|x64
		{DF7E2A52-C84C-4B73-B1A8-0DAAFCD9BA74}.Debug|x64.Build.0 = Debug|x64
		{DF7E2A52-C84C-4B73-B1A8-0DAAFCD9BA74}.Debug|x86.ActiveCfg = Debug|Win32
		{DF7E2A52-C84C-4B73-B1A8-0DAAFCD9BA74}.Debug|x86.Build.0 = Debug|Win32
		{DF7E2A52-C84C-4B73-B1A8-0DAAFCD9BA74}.Release|x64.ActiveCfg = Release|x64
		{DF7E2A52-C84C-4B73-B1A8-0DAAFCD9BA74}.Release|x64.Build.0 = Release|x64
		{DF7E2A52-C84C-4B73-B1A8-0DAAFCD9BA74}.Release|x86.ActiveCfg = Release|Win32
		{DF7E2A52-C84C-4B73-B1A8-0DAAFCD9BA74}.Release|x86.Build.0 = Release|Win32
		{68E49E5D-C2E7-471B-9749-01ABFA1E10EF}.Debug|x64.ActiveCfg = Debug|x64
		{68E49E5D-C2E7-471B-9749-01ABFA1E10EF}.Debug|x64.Build.0 = Debug|x64
		{68E49E5D-C2E7-471B-9749-01ABFA1E10EF}.Debug|x86.ActiveCfg = Debug|Win32
		{68E49E5D-C2E7-471B-9749-01ABFA1E10EF}.Debug|x86.Build.0 = Debug|Win32
		{68E49E5D-C2E7-471B-9749-01ABFA1E10EF}.Release|x64.ActiveCfg = Release|x64
		{68E49E5D-C2E7-471B-9749-01ABFA1E10EF}.Release|x64.Build.0 = Release|x64
		{68E49E5D-C2E7-471B-9749-01ABFA1E10EF}.Release|x86.ActiveCfg = Release|Win32
		{68E49E5D-C2E7-471B-9749-01ABFA1E10EF}.Release|x86.Build.0 = Release|Win32
		{9D9E76C5-C2A0-4725-BD27-C2EA66613109}.Debug|x64.ActiveCfg = Debug|x64
		{9D9E76C5-C2A0-4725-BD27-C2EA66613109}.Debug|x64.Build.0 = Debug|x64
		{9D9E76C5-C2A0-4725-BD27-C2EA66613109}.Debug|x86.ActiveCfg = Debug|Win32
		{9D9E76C5-C2A0-4725-BD27-C2EA66613109}.Debug|x86.Build.0 = Debug|Win32
		{9D9E76C5-C2A0-4725-BD27-C2EA66613109}.Release|x64.ActiveCfg = Release|x64
		{9D9E76C5-C2A0-4725-BD27-C2EA66613109}.Release|x64.Build.0 = Release|x64
		{9D9E76C5-C2A0-4725-BD27-C2EA66613109}.Release|x86.ActiveCfg = Release|Win32
		{9D9E76C5-C2A0-4725-BD27-C2EA66613109}.Release|x86.Build.0 = Release|Win32
		{9BC7A08A-9B58-45D2-8DD8-0A37B1C38B68}.Debug|x64.ActiveCfg = Debug|x64
		{9BC7A08A-9B58-45D2-8DD8-0A37B1C38B68}.Debug|x64.Build.0 = Debug|x64
		{9BC7A08A-9B58-45D2-8DD8-0A37B1C38B68}.Debug|x86.ActiveCfg = Debug|Win32
		{9BC7A08A-9B58-45D2-8DD8-0A37B1C38B68}.Debug|x86.Build.0 = Debug|Win32
		{9BC7A08A-9B58-45D2-8DD8-0A37B1C38B68}.Release|x64.ActiveCfg = Release|x64
		{9BC7A08A-9B58-45D2-8DD8-0A37B1C38B68}.Release|x64.Build.0 = Release|x64
		{9BC7A08A-9B58-45D2-8DD8-0A37B1C38B68}.Release|x86.ActiveCfg = Release|Win32
		{9BC7A08A-9B58-45D2-8DD8-0A37B1C38B68}.Release|x86.Build.0 = Release|Win32
		{CA32E860-77A2-4E6A-B6A8-597ACB8DC9F9}.Debug|x64.ActiveCfg = Debug|x64
		{CA32E860-77A2-4E6A-B6A8-597ACB8DC9F9}.Debug|x64.Build.0 = Debug|x64
		{CA32E860-77A2-4E6A-B6A8-597ACB8DC9F9}.Debug|x86.ActiveCfg = Debug|Win32
		{CA32E860-77A2-4E6A-B6A8-597ACB8DC9F9}.Debug|x86.Build.0 = Debug|Win32
		{CA32E860-77A2-4E6A-B6A8-597ACB8DC9F9}.Release|x64.ActiveCfg = Release|x64
		{CA32E860-77A2-4E6A-B6A8-597ACB8DC9F9}.Release|x64.Build.0 = Release|x64
		{CA32E860-77A2-4E6A-B6A8-597ACB8DC9F9}.Release|x86.ActiveCfg = Release|Win32
		{CA32E860-77A2-4E6A-B6A8-597ACB8DC9F9}.Release|x86.Build.0 = Release|Win32
		{E36D6FE0-A9FB-4DE4-A3F7-A9C7359EBC1D}.Debug|x64.ActiveCfg = Debug|x64
		{E36D6FE0-A9FB-4DE4-A3F7-A9C7359EBC1D}.Debug|x64.Build.0 = Debug|x64
		{E36D6FE0-A9FB-4DE4-A3F7-A9C7359EBC1D}.Debug|x86.ActiveCfg = Debug|Win32
		{E36D6FE0-A9FB-4DE4-A3F7-A9C7359EBC1D}.Debug|x86.Build.0 = Debug|Win32
		{E36D6FE0-A9FB-4DE4-A3F7-A9C7359EBC1D}.Release|x64.ActiveCfg = Release|x64
		{E36D6FE0-A9FB-4DE4-A3F7-A9C7359EBC1D}.Release|x64.Build.0 = Release|x64
		{E36D6FE0-A9FB-4DE4-A3F7-A9C7359EBC1D}.Release|x86.ActiveCfg = Release|Win32
		{E36D6FE0-A9FB-4DE4-A3F7-A9C7359EBC1D}.Release|x86.Build.0 = Release|Win32
		{478BD4DE-FD29-4FF9-A60C-6FC00487FCCC}.Debug|x64.ActiveCfg = Debug|x64
		{478BD4DE-FD29-4FF9-A60C-6FC00487FCCC}.Debug|x64.Build.0 = Debug|x64
		{478BD4DE-FD29-4FF9-A60C-6FC00487FCCC}.Debug|x86.ActiveCfg = Debug|x64
		{478BD4DE-FD29-4FF9-A60C-6FC00487FCCC}.Debug|x86.Build.0 = Debug|x64
		{478BD4DE-FD29-4FF9-A60C-6FC00487FCCC}.Release|x64.ActiveCfg = Release|x64
		{478BD4DE-FD29-4FF9-A60C-6FC00487FCCC}.Release|x64.Build.0 = Release|x64
		{478BD4DE-FD29-4FF9-A60C-6FC00487FCCC}.Release|x86.ActiveCfg = Release|x64
		{478BD4DE-FD29-4FF9-A60C-6FC00487FCCC}.Release|x86.Build.0 = Release|x64
		{6A79F7CB-C538-4A71-AB33-9C74247E0845}.Debug|x64.ActiveCfg = Debug|x64
		{6A79F7CB-C538-4A71-AB33-9C74247E0845}.Debug|x64.Build.0 = Debug|x64
		{6A79F7CB-C538-4A71-AB33-9C74247E0845}.Debug|x86.ActiveCfg = Debug|x64
		{6A79F7CB-C538-4A71-AB33-9C74247E0845}.Debug|x86.Build.0 = Debug|x64
		{6A79F7CB-C538-4A71-AB33-9C74247E0845}.Release|x64.ActiveCfg = Release|x64
		{6A79F7CB-C538-4A71-AB33-9C74247E0845}.Release|x64.Build.0 = Release|x64
		{6A79F7CB-C538-4A71-AB33-9C74247E0845}.Release|x86.ActiveCfg = Release|x64
		{6A79F7CB-C538-4A71-AB33-9C74247E0845}.Release|x86.Build.0 = Release|x64
		{97D373A0-A4F3-4B94-BD2A-5E9A6FF7D14C}.Debug|x64.ActiveCfg = Debug|x64
		{97D373A0-A4F3-4B94-BD2A-5E9A6FF7D14C}.Debug|x64.Build.0 = Debug|x64
		{97D373A0-A4F3-4B94-BD2A-5E9A6FF7D14C}.Debug|x86.ActiveCfg = Debug|x64
		{97D373A0-A4F3-4B94-BD2A-5E9A6FF7D14C}.Debug|x86.Build.0 = Debug|x64
		{97D373A0-A4F3-4B94-BD2A-5E9A6FF7D14C}.Release|x64.ActiveCfg = Release|x64
		{97D373A0-A4F3-4B94-BD2A-5E9A6FF7D14C}.Release|x64.Build.0 = Release|x64
		{97D373A0-A4F3-4B94-BD2A-5E9A6FF7D14C}.Release|x86.ActiveCfg = Release|x64
		{97D373A0-A4F3-4B94-BD2A-5E9A6FF7D14C}.Release|x86.Build.0 = Release|x64
		{1DB50D2E-427D-4433-B19F-CA8DDED9026D}.Debug|x64.ActiveCfg = Debug|x64
		{1DB50D2E-427D-4433-B19F-CA8DDED9026D}.Debug|x64.Build.0 = Debug|x64
		{1DB50D2E-427D-4433-B19F-CA8DDED9026D}.Debug|x86.ActiveCfg = Debug|Win32
		{1DB50D2E-427D-4433-B19F-CA8DDED9026D}.Debug|x86.Build.0 = Debug|Win32
		{1DB50D2E-427D-4433-B19F-CA8DDED9026D}.Release|x64.ActiveCfg = Release|x64
		{1DB50D2E-427D-4433-B19F-CA8DDED9026D}.Release|x64.Build.0 = Release|x64
		{1DB50D2E-427D-4433-B19F-CA8DDED9026D}.Release|x86.ActiveCfg = Release|Win32
		{1DB50D2E-427D-4433-B19F-CA8DDED9026D}.Release|x86.Build.0 = Release|Win32
		{99C957B1-2175-4DC2-862F-D77E2F288F46}.Debug|x64.ActiveCfg = Debug|x64
		{99C957B1-2175-4DC2-862F-D77E2F288F46}.Debug|x64.Build.0 = Debug|x64
		{99C957B1-2175-4DC2-862F-D77E2F288F46}.Debug|x86.ActiveCfg = Debug|Win32
		{99C957B1-2175-4DC2-862F-D77E2F288F46}.Debug|x86.Build.0 = Debug|Win32
		{99C957B1-2175-4DC2-862F-D77E2F288F46}.Release|x64.ActiveCfg = Release|x64
		{99C957B1-2175-4DC2-862F-D77E2F288F46}.Release|x64.Build.0 = Release|x64
		{99C957B1-2175-4DC2-862F-D77E2F288F46}.Release|x86.ActiveCfg = Release|Win32
		{99C957B1-2175-4DC2-862F-D77E2F288F46}.Release|x86.Build.0 = Release|Win32
		{D2B507E4-8515-4276-B50C-FDADF52D6B4E}.Debug|x64.ActiveCfg = Debug|x64
		{D2B507E4-8515-4276-B50C-FDADF52D6B4E}.Debug|x64.Build.0 = Debug|x64
		{D2B507E4-8515-4276-B50C-FDADF52D6B4E}.Debug|x86.ActiveCfg = Debug|x64
		{D2B507E4-8515-4276-B50C-FDADF52D6B4E}.Debug|x86.Build.0 = Debug|x64
		{D2B507E4-8515-4276-B50C-FDADF52D6B4E}.Release|x64.ActiveCfg = Release|x64
		{D2B507E4-8515-4276-B50C-FDADF52D6B4E}.Release|x64.Build.0 = Release|x64
		{D2B507E4-8515-4276-B50C-FDADF52D6B4E}.Release|x86.ActiveCfg = Release|x64
		{D2B507E4-8515-4276-B50C-FDADF52D6B4E}.Release|x86.Build.0 = Release|x64
	EndGlobalSection
	GlobalSection(SolutionProperties) = preSolution
		HideSolutionNode = FALSE
	EndGlobalSection
	GlobalSection(ExtensibilityGlobals) = postSolution
		SolutionGuid = {EF6B50DC-7595-491A-9C7A-50A22461A139}
	EndGlobalSection
EndGlobal
